// !$*UTF8*$!
{
	archiveVersion = 1;
	classes = {
	};
	objectVersion = 46;
	objects = {

/* Begin PBXBuildFile section */
		C713718E1E16DD39007F425E /* AppDelegate.swift in Sources */ = {isa = PBXBuildFile; fileRef = C713718D1E16DD39007F425E /* AppDelegate.swift */; };
		C71371901E16DD39007F425E /* ViewController.swift in Sources */ = {isa = PBXBuildFile; fileRef = C713718F1E16DD39007F425E /* ViewController.swift */; };
		C71371931E16DD39007F425E /* Main.storyboard in Resources */ = {isa = PBXBuildFile; fileRef = C71371911E16DD39007F425E /* Main.storyboard */; };
		C71371951E16DD39007F425E /* Assets.xcassets in Resources */ = {isa = PBXBuildFile; fileRef = C71371941E16DD39007F425E /* Assets.xcassets */; };
		C71371981E16DD39007F425E /* LaunchScreen.storyboard in Resources */ = {isa = PBXBuildFile; fileRef = C71371961E16DD39007F425E /* LaunchScreen.storyboard */; };
		C71371A31E16DD3A007F425E /* rainingshinnycloudyTests.swift in Sources */ = {isa = PBXBuildFile; fileRef = C71371A21E16DD3A007F425E /* rainingshinnycloudyTests.swift */; };
		C71371AE1E16DD3A007F425E /* rainingshinnycloudyUITests.swift in Sources */ = {isa = PBXBuildFile; fileRef = C71371AD1E16DD3A007F425E /* rainingshinnycloudyUITests.swift */; };
/* End PBXBuildFile section */

/* Begin PBXContainerItemProxy section */
		C713719F1E16DD39007F425E /* PBXContainerItemProxy */ = {
			isa = PBXContainerItemProxy;
			containerPortal = C71371821E16DD39007F425E /* Project object */;
			proxyType = 1;
			remoteGlobalIDString = C71371891E16DD39007F425E;
			remoteInfo = rainingshinnycloudy;
		};
		C71371AA1E16DD3A007F425E /* PBXContainerItemProxy */ = {
			isa = PBXContainerItemProxy;
			containerPortal = C71371821E16DD39007F425E /* Project object */;
			proxyType = 1;
			remoteGlobalIDString = C71371891E16DD39007F425E;
			remoteInfo = rainingshinnycloudy;
		};
/* End PBXContainerItemProxy section */

/* Begin PBXFileReference section */
		C713718A1E16DD39007F425E /* rainingshinnycloudy.app */ = {isa = PBXFileReference; explicitFileType = wrapper.application; includeInIndex = 0; path = rainingshinnycloudy.app; sourceTree = BUILT_PRODUCTS_DIR; };
		C713718D1E16DD39007F425E /* AppDelegate.swift */ = {isa = PBXFileReference; lastKnownFileType = sourcecode.swift; path = AppDelegate.swift; sourceTree = "<group>"; };
		C713718F1E16DD39007F425E /* ViewController.swift */ = {isa = PBXFileReference; lastKnownFileType = sourcecode.swift; path = ViewController.swift; sourceTree = "<group>"; };
		C71371921E16DD39007F425E /* Base */ = {isa = PBXFileReference; lastKnownFileType = file.storyboard; name = Base; path = Base.lproj/Main.storyboard; sourceTree = "<group>"; };
		C71371941E16DD39007F425E /* Assets.xcassets */ = {isa = PBXFileReference; lastKnownFileType = folder.assetcatalog; path = Assets.xcassets; sourceTree = "<group>"; };
		C71371971E16DD39007F425E /* Base */ = {isa = PBXFileReference; lastKnownFileType = file.storyboard; name = Base; path = Base.lproj/LaunchScreen.storyboard; sourceTree = "<group>"; };
		C71371991E16DD39007F425E /* Info.plist */ = {isa = PBXFileReference; lastKnownFileType = text.plist.xml; path = Info.plist; sourceTree = "<group>"; };
		C713719E1E16DD39007F425E /* rainingshinnycloudyTests.xctest */ = {isa = PBXFileReference; explicitFileType = wrapper.cfbundle; includeInIndex = 0; path = rainingshinnycloudyTests.xctest; sourceTree = BUILT_PRODUCTS_DIR; };
		C71371A21E16DD3A007F425E /* rainingshinnycloudyTests.swift */ = {isa = PBXFileReference; lastKnownFileType = sourcecode.swift; path = rainingshinnycloudyTests.swift; sourceTree = "<group>"; };
		C71371A41E16DD3A007F425E /* Info.plist */ = {isa = PBXFileReference; lastKnownFileType = text.plist.xml; path = Info.plist; sourceTree = "<group>"; };
		C71371A91E16DD3A007F425E /* rainingshinnycloudyUITests.xctest */ = {isa = PBXFileReference; explicitFileType = wrapper.cfbundle; includeInIndex = 0; path = rainingshinnycloudyUITests.xctest; sourceTree = BUILT_PRODUCTS_DIR; };
		C71371AD1E16DD3A007F425E /* rainingshinnycloudyUITests.swift */ = {isa = PBXFileReference; lastKnownFileType = sourcecode.swift; path = rainingshinnycloudyUITests.swift; sourceTree = "<group>"; };
		C71371AF1E16DD3A007F425E /* Info.plist */ = {isa = PBXFileReference; lastKnownFileType = text.plist.xml; path = Info.plist; sourceTree = "<group>"; };
/* End PBXFileReference section */

/* Begin PBXFrameworksBuildPhase section */
		C71371871E16DD39007F425E /* Frameworks */ = {
			isa = PBXFrameworksBuildPhase;
			buildActionMask = 2147483647;
			files = (
			);
			runOnlyForDeploymentPostprocessing = 0;
		};
		C713719B1E16DD39007F425E /* Frameworks */ = {
			isa = PBXFrameworksBuildPhase;
			buildActionMask = 2147483647;
			files = (
			);
			runOnlyForDeploymentPostprocessing = 0;
		};
		C71371A61E16DD3A007F425E /* Frameworks */ = {
			isa = PBXFrameworksBuildPhase;
			buildActionMask = 2147483647;
			files = (
			);
			runOnlyForDeploymentPostprocessing = 0;
		};
/* End PBXFrameworksBuildPhase section */

/* Begin PBXGroup section */
		C71371811E16DD39007F425E = {
			isa = PBXGroup;
			children = (
				C713718C1E16DD39007F425E /* rainingshinnycloudy */,
				C71371A11E16DD3A007F425E /* rainingshinnycloudyTests */,
				C71371AC1E16DD3A007F425E /* rainingshinnycloudyUITests */,
				C713718B1E16DD39007F425E /* Products */,
			);
			sourceTree = "<group>";
		};
		C713718B1E16DD39007F425E /* Products */ = {
			isa = PBXGroup;
			children = (
				C713718A1E16DD39007F425E /* rainingshinnycloudy.app */,
				C713719E1E16DD39007F425E /* rainingshinnycloudyTests.xctest */,
				C71371A91E16DD3A007F425E /* rainingshinnycloudyUITests.xctest */,
			);
			name = Products;
			sourceTree = "<group>";
		};
		C713718C1E16DD39007F425E /* rainingshinnycloudy */ = {
			isa = PBXGroup;
			children = (
				C713718D1E16DD39007F425E /* AppDelegate.swift */,
				C713718F1E16DD39007F425E /* ViewController.swift */,
				C71371911E16DD39007F425E /* Main.storyboard */,
				C71371941E16DD39007F425E /* Assets.xcassets */,
				C71371961E16DD39007F425E /* LaunchScreen.storyboard */,
				C71371991E16DD39007F425E /* Info.plist */,
			);
			path = rainingshinnycloudy;
			sourceTree = "<group>";
		};
		C71371A11E16DD3A007F425E /* rainingshinnycloudyTests */ = {
			isa = PBXGroup;
			children = (
				C71371A21E16DD3A007F425E /* rainingshinnycloudyTests.swift */,
				C71371A41E16DD3A007F425E /* Info.plist */,
			);
			path = rainingshinnycloudyTests;
			sourceTree = "<group>";
		};
		C71371AC1E16DD3A007F425E /* rainingshinnycloudyUITests */ = {
			isa = PBXGroup;
			children = (
				C71371AD1E16DD3A007F425E /* rainingshinnycloudyUITests.swift */,
				C71371AF1E16DD3A007F425E /* Info.plist */,
			);
			path = rainingshinnycloudyUITests;
			sourceTree = "<group>";
		};
/* End PBXGroup section */

/* Begin PBXNativeTarget section */
		C71371891E16DD39007F425E /* rainingshinnycloudy */ = {
			isa = PBXNativeTarget;
			buildConfigurationList = C71371B21E16DD3A007F425E /* Build configuration list for PBXNativeTarget "rainingshinnycloudy" */;
			buildPhases = (
				C71371861E16DD39007F425E /* Sources */,
				C71371871E16DD39007F425E /* Frameworks */,
				C71371881E16DD39007F425E /* Resources */,
			);
			buildRules = (
			);
			dependencies = (
			);
			name = rainingshinnycloudy;
			productName = rainingshinnycloudy;
			productReference = C713718A1E16DD39007F425E /* rainingshinnycloudy.app */;
			productType = "com.apple.product-type.application";
		};
		C713719D1E16DD39007F425E /* rainingshinnycloudyTests */ = {
			isa = PBXNativeTarget;
			buildConfigurationList = C71371B51E16DD3A007F425E /* Build configuration list for PBXNativeTarget "rainingshinnycloudyTests" */;
			buildPhases = (
				C713719A1E16DD39007F425E /* Sources */,
				C713719B1E16DD39007F425E /* Frameworks */,
				C713719C1E16DD39007F425E /* Resources */,
			);
			buildRules = (
			);
			dependencies = (
				C71371A01E16DD39007F425E /* PBXTargetDependency */,
			);
			name = rainingshinnycloudyTests;
			productName = rainingshinnycloudyTests;
			productReference = C713719E1E16DD39007F425E /* rainingshinnycloudyTests.xctest */;
			productType = "com.apple.product-type.bundle.unit-test";
		};
		C71371A81E16DD3A007F425E /* rainingshinnycloudyUITests */ = {
			isa = PBXNativeTarget;
			buildConfigurationList = C71371B81E16DD3A007F425E /* Build configuration list for PBXNativeTarget "rainingshinnycloudyUITests" */;
			buildPhases = (
				C71371A51E16DD3A007F425E /* Sources */,
				C71371A61E16DD3A007F425E /* Frameworks */,
				C71371A71E16DD3A007F425E /* Resources */,
			);
			buildRules = (
			);
			dependencies = (
				C71371AB1E16DD3A007F425E /* PBXTargetDependency */,
			);
			name = rainingshinnycloudyUITests;
			productName = rainingshinnycloudyUITests;
			productReference = C71371A91E16DD3A007F425E /* rainingshinnycloudyUITests.xctest */;
			productType = "com.apple.product-type.bundle.ui-testing";
		};
/* End PBXNativeTarget section */

/* Begin PBXProject section */
		C71371821E16DD39007F425E /* Project object */ = {
			isa = PBXProject;
			attributes = {
				LastSwiftUpdateCheck = 0820;
				LastUpgradeCheck = 0820;
				ORGANIZATIONNAME = "Ping Li";
				TargetAttributes = {
					C71371891E16DD39007F425E = {
						CreatedOnToolsVersion = 8.2.1;
						DevelopmentTeam = 2FMA84MH24;
						ProvisioningStyle = Automatic;
					};
					C713719D1E16DD39007F425E = {
						CreatedOnToolsVersion = 8.2.1;
						DevelopmentTeam = 2FMA84MH24;
						ProvisioningStyle = Automatic;
						TestTargetID = C71371891E16DD39007F425E;
					};
					C71371A81E16DD3A007F425E = {
						CreatedOnToolsVersion = 8.2.1;
						DevelopmentTeam = 2FMA84MH24;
						ProvisioningStyle = Automatic;
						TestTargetID = C71371891E16DD39007F425E;
					};
				};
			};
			buildConfigurationList = C71371851E16DD39007F425E /* Build configuration list for PBXProject "rainingshinnycloudy" */;
			compatibilityVersion = "Xcode 3.2";
			developmentRegion = English;
			hasScannedForEncodings = 0;
			knownRegions = (
				en,
				Base,
			);
			mainGroup = C71371811E16DD39007F425E;
			productRefGroup = C713718B1E16DD39007F425E /* Products */;
			projectDirPath = "";
			projectRoot = "";
			targets = (
				C71371891E16DD39007F425E /* rainingshinnycloudy */,
				C713719D1E16DD39007F425E /* rainingshinnycloudyTests */,
				C71371A81E16DD3A007F425E /* rainingshinnycloudyUITests */,
			);
		};
/* End PBXProject section */

/* Begin PBXResourcesBuildPhase section */
		C71371881E16DD39007F425E /* Resources */ = {
			isa = PBXResourcesBuildPhase;
			buildActionMask = 2147483647;
			files = (
				C71371981E16DD39007F425E /* LaunchScreen.storyboard in Resources */,
				C71371951E16DD39007F425E /* Assets.xcassets in Resources */,
				C71371931E16DD39007F425E /* Main.storyboard in Resources */,
			);
			runOnlyForDeploymentPostprocessing = 0;
		};
		C713719C1E16DD39007F425E /* Resources */ = {
			isa = PBXResourcesBuildPhase;
			buildActionMask = 2147483647;
			files = (
			);
			runOnlyForDeploymentPostprocessing = 0;
		};
		C71371A71E16DD3A007F425E /* Resources */ = {
			isa = PBXResourcesBuildPhase;
			buildActionMask = 2147483647;
			files = (
			);
			runOnlyForDeploymentPostprocessing = 0;
		};
/* End PBXResourcesBuildPhase section */

/* Begin PBXSourcesBuildPhase section */
		C71371861E16DD39007F425E /* Sources */ = {
			isa = PBXSourcesBuildPhase;
			buildActionMask = 2147483647;
			files = (
				C71371901E16DD39007F425E /* ViewController.swift in Sources */,
				C713718E1E16DD39007F425E /* AppDelegate.swift in Sources */,
			);
			runOnlyForDeploymentPostprocessing = 0;
		};
		C713719A1E16DD39007F425E /* Sources */ = {
			isa = PBXSourcesBuildPhase;
			buildActionMask = 2147483647;
			files = (
				C71371A31E16DD3A007F425E /* rainingshinnycloudyTests.swift in Sources */,
			);
			runOnlyForDeploymentPostprocessing = 0;
		};
		C71371A51E16DD3A007F425E /* Sources */ = {
			isa = PBXSourcesBuildPhase;
			buildActionMask = 2147483647;
			files = (
				C71371AE1E16DD3A007F425E /* rainingshinnycloudyUITests.swift in Sources */,
			);
			runOnlyForDeploymentPostprocessing = 0;
		};
/* End PBXSourcesBuildPhase section */

/* Begin PBXTargetDependency section */
		C71371A01E16DD39007F425E /* PBXTargetDependency */ = {
			isa = PBXTargetDependency;
			target = C71371891E16DD39007F425E /* rainingshinnycloudy */;
			targetProxy = C713719F1E16DD39007F425E /* PBXContainerItemProxy */;
		};
		C71371AB1E16DD3A007F425E /* PBXTargetDependency */ = {
			isa = PBXTargetDependency;
			target = C71371891E16DD39007F425E /* rainingshinnycloudy */;
			targetProxy = C71371AA1E16DD3A007F425E /* PBXContainerItemProxy */;
		};
/* End PBXTargetDependency section */

/* Begin PBXVariantGroup section */
		C71371911E16DD39007F425E /* Main.storyboard */ = {
			isa = PBXVariantGroup;
			children = (
				C71371921E16DD39007F425E /* Base */,
			);
			name = Main.storyboard;
			sourceTree = "<group>";
		};
		C71371961E16DD39007F425E /* LaunchScreen.storyboard */ = {
			isa = PBXVariantGroup;
			children = (
				C71371971E16DD39007F425E /* Base */,
			);
			name = LaunchScreen.storyboard;
			sourceTree = "<group>";
		};
/* End PBXVariantGroup section */

/* Begin XCBuildConfiguration section */
		C71371B01E16DD3A007F425E /* Debug */ = {
			isa = XCBuildConfiguration;
			buildSettings = {
				ALWAYS_SEARCH_USER_PATHS = NO;
				CLANG_ANALYZER_NONNULL = YES;
				CLANG_CXX_LANGUAGE_STANDARD = "gnu++0x";
				CLANG_CXX_LIBRARY = "libc++";
				CLANG_ENABLE_MODULES = YES;
				CLANG_ENABLE_OBJC_ARC = YES;
				CLANG_WARN_BOOL_CONVERSION = YES;
				CLANG_WARN_CONSTANT_CONVERSION = YES;
				CLANG_WARN_DIRECT_OBJC_ISA_USAGE = YES_ERROR;
				CLANG_WARN_DOCUMENTATION_COMMENTS = YES;
				CLANG_WARN_EMPTY_BODY = YES;
				CLANG_WARN_ENUM_CONVERSION = YES;
				CLANG_WARN_INFINITE_RECURSION = YES;
				CLANG_WARN_INT_CONVERSION = YES;
				CLANG_WARN_OBJC_ROOT_CLASS = YES_ERROR;
				CLANG_WARN_SUSPICIOUS_MOVE = YES;
				CLANG_WARN_UNREACHABLE_CODE = YES;
				CLANG_WARN__DUPLICATE_METHOD_MATCH = YES;
				"CODE_SIGN_IDENTITY[sdk=iphoneos*]" = "iPhone Developer";
				COPY_PHASE_STRIP = NO;
				DEBUG_INFORMATION_FORMAT = dwarf;
				ENABLE_STRICT_OBJC_MSGSEND = YES;
				ENABLE_TESTABILITY = YES;
				GCC_C_LANGUAGE_STANDARD = gnu99;
				GCC_DYNAMIC_NO_PIC = NO;
				GCC_NO_COMMON_BLOCKS = YES;
				GCC_OPTIMIZATION_LEVEL = 0;
				GCC_PREPROCESSOR_DEFINITIONS = (
					"DEBUG=1",
					"$(inherited)",
				);
				GCC_WARN_64_TO_32_BIT_CONVERSION = YES;
				GCC_WARN_ABOUT_RETURN_TYPE = YES_ERROR;
				GCC_WARN_UNDECLARED_SELECTOR = YES;
				GCC_WARN_UNINITIALIZED_AUTOS = YES_AGGRESSIVE;
				GCC_WARN_UNUSED_FUNCTION = YES;
				GCC_WARN_UNUSED_VARIABLE = YES;
				IPHONEOS_DEPLOYMENT_TARGET = 10.2;
				MTL_ENABLE_DEBUG_INFO = YES;
				ONLY_ACTIVE_ARCH = YES;
				SDKROOT = iphoneos;
				SWIFT_ACTIVE_COMPILATION_CONDITIONS = DEBUG;
				SWIFT_OPTIMIZATION_LEVEL = "-Onone";
			};
			name = Debug;
		};
		C71371B11E16DD3A007F425E /* Release */ = {
			isa = XCBuildConfiguration;
			buildSettings = {
				ALWAYS_SEARCH_USER_PATHS = NO;
				CLANG_ANALYZER_NONNULL = YES;
				CLANG_CXX_LANGUAGE_STANDARD = "gnu++0x";
				CLANG_CXX_LIBRARY = "libc++";
				CLANG_ENABLE_MODULES = YES;
				CLANG_ENABLE_OBJC_ARC = YES;
				CLANG_WARN_BOOL_CONVERSION = YES;
				CLANG_WARN_CONSTANT_CONVERSION = YES;
				CLANG_WARN_DIRECT_OBJC_ISA_USAGE = YES_ERROR;
				CLANG_WARN_DOCUMENTATION_COMMENTS = YES;
				CLANG_WARN_EMPTY_BODY = YES;
				CLANG_WARN_ENUM_CONVERSION = YES;
				CLANG_WARN_INFINITE_RECURSION = YES;
				CLANG_WARN_INT_CONVERSION = YES;
				CLANG_WARN_OBJC_ROOT_CLASS = YES_ERROR;
				CLANG_WARN_SUSPICIOUS_MOVE = YES;
				CLANG_WARN_UNREACHABLE_CODE = YES;
				CLANG_WARN__DUPLICATE_METHOD_MATCH = YES;
				"CODE_SIGN_IDENTITY[sdk=iphoneos*]" = "iPhone Developer";
				COPY_PHASE_STRIP = NO;
				DEBUG_INFORMATION_FORMAT = "dwarf-with-dsym";
				ENABLE_NS_ASSERTIONS = NO;
				ENABLE_STRICT_OBJC_MSGSEND = YES;
				GCC_C_LANGUAGE_STANDARD = gnu99;
				GCC_NO_COMMON_BLOCKS = YES;
				GCC_WARN_64_TO_32_BIT_CONVERSION = YES;
				GCC_WARN_ABOUT_RETURN_TYPE = YES_ERROR;
				GCC_WARN_UNDECLARED_SELECTOR = YES;
				GCC_WARN_UNINITIALIZED_AUTOS = YES_AGGRESSIVE;
				GCC_WARN_UNUSED_FUNCTION = YES;
				GCC_WARN_UNUSED_VARIABLE = YES;
				IPHONEOS_DEPLOYMENT_TARGET = 10.2;
				MTL_ENABLE_DEBUG_INFO = NO;
				SDKROOT = iphoneos;
				SWIFT_OPTIMIZATION_LEVEL = "-Owholemodule";
				VALIDATE_PRODUCT = YES;
			};
			name = Release;
		};
		C71371B31E16DD3A007F425E /* Debug */ = {
			isa = XCBuildConfiguration;
			buildSettings = {
				ASSETCATALOG_COMPILER_APPICON_NAME = AppIcon;
				DEVELOPMENT_TEAM = 2FMA84MH24;
				INFOPLIST_FILE = rainingshinnycloudy/Info.plist;
				LD_RUNPATH_SEARCH_PATHS = "$(inherited) @executable_path/Frameworks";
				PRODUCT_BUNDLE_IDENTIFIER = com.ringoapps.rainingshinnycloudy;
				PRODUCT_NAME = "$(TARGET_NAME)";
				SWIFT_VERSION = 3.0;
			};
			name = Debug;
		};
		C71371B41E16DD3A007F425E /* Release */ = {
			isa = XCBuildConfiguration;
			buildSettings = {
				ASSETCATALOG_COMPILER_APPICON_NAME = AppIcon;
				DEVELOPMENT_TEAM = 2FMA84MH24;
				INFOPLIST_FILE = rainingshinnycloudy/Info.plist;
				LD_RUNPATH_SEARCH_PATHS = "$(inherited) @executable_path/Frameworks";
				PRODUCT_BUNDLE_IDENTIFIER = com.ringoapps.rainingshinnycloudy;
				PRODUCT_NAME = "$(TARGET_NAME)";
				SWIFT_VERSION = 3.0;
			};
			name = Release;
		};
		C71371B61E16DD3A007F425E /* Debug */ = {
			isa = XCBuildConfiguration;
			buildSettings = {
				ALWAYS_EMBED_SWIFT_STANDARD_LIBRARIES = YES;
				BUNDLE_LOADER = "$(TEST_HOST)";
				DEVELOPMENT_TEAM = 2FMA84MH24;
				INFOPLIST_FILE = rainingshinnycloudyTests/Info.plist;
				LD_RUNPATH_SEARCH_PATHS = "$(inherited) @executable_path/Frameworks @loader_path/Frameworks";
				PRODUCT_BUNDLE_IDENTIFIER = com.ringoapps.rainingshinnycloudyTests;
				PRODUCT_NAME = "$(TARGET_NAME)";
				SWIFT_VERSION = 3.0;
				TEST_HOST = "$(BUILT_PRODUCTS_DIR)/rainingshinnycloudy.app/rainingshinnycloudy";
			};
			name = Debug;
		};
		C71371B71E16DD3A007F425E /* Release */ = {
			isa = XCBuildConfiguration;
			buildSettings = {
				ALWAYS_EMBED_SWIFT_STANDARD_LIBRARIES = YES;
				BUNDLE_LOADER = "$(TEST_HOST)";
				DEVELOPMENT_TEAM = 2FMA84MH24;
				INFOPLIST_FILE = rainingshinnycloudyTests/Info.plist;
				LD_RUNPATH_SEARCH_PATHS = "$(inherited) @executable_path/Frameworks @loader_path/Frameworks";
				PRODUCT_BUNDLE_IDENTIFIER = com.ringoapps.rainingshinnycloudyTests;
				PRODUCT_NAME = "$(TARGET_NAME)";
				SWIFT_VERSION = 3.0;
				TEST_HOST = "$(BUILT_PRODUCTS_DIR)/rainingshinnycloudy.app/rainingshinnycloudy";
			};
			name = Release;
		};
		C71371B91E16DD3A007F425E /* Debug */ = {
			isa = XCBuildConfiguration;
			buildSettings = {
				ALWAYS_EMBED_SWIFT_STANDARD_LIBRARIES = YES;
				DEVELOPMENT_TEAM = 2FMA84MH24;
				INFOPLIST_FILE = rainingshinnycloudyUITests/Info.plist;
				LD_RUNPATH_SEARCH_PATHS = "$(inherited) @executable_path/Frameworks @loader_path/Frameworks";
				PRODUCT_BUNDLE_IDENTIFIER = com.ringoapps.rainingshinnycloudyUITests;
				PRODUCT_NAME = "$(TARGET_NAME)";
				SWIFT_VERSION = 3.0;
				TEST_TARGET_NAME = rainingshinnycloudy;
			};
			name = Debug;
		};
		C71371BA1E16DD3A007F425E /* Release */ = {
			isa = XCBuildConfiguration;
			buildSettings = {
				ALWAYS_EMBED_SWIFT_STANDARD_LIBRARIES = YES;
				DEVELOPMENT_TEAM = 2FMA84MH24;
				INFOPLIST_FILE = rainingshinnycloudyUITests/Info.plist;
				LD_RUNPATH_SEARCH_PATHS = "$(inherited) @executable_path/Frameworks @loader_path/Frameworks";
				PRODUCT_BUNDLE_IDENTIFIER = com.ringoapps.rainingshinnycloudyUITests;
				PRODUCT_NAME = "$(TARGET_NAME)";
				SWIFT_VERSION = 3.0;
				TEST_TARGET_NAME = rainingshinnycloudy;
			};
			name = Release;
		};
/* End XCBuildConfiguration section */

/* Begin XCConfigurationList section */
		C71371851E16DD39007F425E /* Build configuration list for PBXProject "rainingshinnycloudy" */ = {
			isa = XCConfigurationList;
			buildConfigurations = (
				C71371B01E16DD3A007F425E /* Debug */,
				C71371B11E16DD3A007F425E /* Release */,
			);
			defaultConfigurationIsVisible = 0;
			defaultConfigurationName = Release;
		};
		C71371B21E16DD3A007F425E /* Build configuration list for PBXNativeTarget "rainingshinnycloudy" */ = {
			isa = XCConfigurationList;
			buildConfigurations = (
				C71371B31E16DD3A007F425E /* Debug */,
				C71371B41E16DD3A007F425E /* Release */,
			);
			defaultConfigurationIsVisible = 0;
		};
		C71371B51E16DD3A007F425E /* Build configuration list for PBXNativeTarget "rainingshinnycloudyTests" */ = {
			isa = XCConfigurationList;
			buildConfigurations = (
				C71371B61E16DD3A007F425E /* Debug */,
				C71371B71E16DD3A007F425E /* Release */,
			);
			defaultConfigurationIsVisible = 0;
		};
		C71371B81E16DD3A007F425E /* Build configuration list for PBXNativeTarget "rainingshinnycloudyUITests" */ = {
			isa = XCConfigurationList;
			buildConfigurations = (
				C71371B91E16DD3A007F425E /* Debug */,
				C71371BA1E16DD3A007F425E /* Release */,
			);
			defaultConfigurationIsVisible = 0;
		};
/* End XCConfigurationList section */
	};
	rootObject = C71371821E16DD39007F425E /* Project object */;
}
